
Microsoft Visual Studio Solution File, Format Version 12.00
# Visual Studio Version 16
VisualStudioVersion = 16.0.30717.126
MinimumVisualStudioVersion = 10.0.40219.1
Project("{FAE04EC0-301F-11D3-BF4B-00C04F79EFBC}") = "DataAccess", "DataAccess\DataAccess.csproj", "{43F2D7FA-B936-4607-83F0-11902CE4756B}"
EndProject
Project("{FAE04EC0-301F-11D3-BF4B-00C04F79EFBC}") = "Business", "Business\Business.csproj", "{57603639-DB1D-4544-B7F8-025EB74AA757}"
EndProject
Project("{FAE04EC0-301F-11D3-BF4B-00C04F79EFBC}") = "Entities", "Entities\Entities.csproj", "{7CDDA5E3-8AA6-4D6C-A8A7-E1D84B6899B7}"
EndProject
Project("{FAE04EC0-301F-11D3-BF4B-00C04F79EFBC}") = "ConsoleUI", "ConsoleUI\ConsoleUI.csproj", "{140299F6-78C3-4E1B-AF52-84E0268AB268}"
EndProject
Global
	GlobalSection(SolutionConfigurationPlatforms) = preSolution
		Debug|Any CPU = Debug|Any CPU
		Release|Any CPU = Release|Any CPU
	EndGlobalSection
	GlobalSection(ProjectConfigurationPlatforms) = postSolution
		{43F2D7FA-B936-4607-83F0-11902CE4756B}.Debug|Any CPU.ActiveCfg = Debug|Any CPU
		{43F2D7FA-B936-4607-83F0-11902CE4756B}.Debug|Any CPU.Build.0 = Debug|Any CPU
		{43F2D7FA-B936-4607-83F0-11902CE4756B}.Release|Any CPU.ActiveCfg = Release|Any CPU
		{43F2D7FA-B936-4607-83F0-11902CE4756B}.Release|Any CPU.Build.0 = Release|Any CPU
		{57603639-DB1D-4544-B7F8-025EB74AA757}.Debug|Any CPU.ActiveCfg = Debug|Any CPU
		{57603639-DB1D-4544-B7F8-025EB74AA757}.Debug|Any CPU.Build.0 = Debug|Any CPU
		{57603639-DB1D-4544-B7F8-025EB74AA757}.Release|Any CPU.ActiveCfg = Release|Any CPU
		{57603639-DB1D-4544-B7F8-025EB74AA757}.Release|Any CPU.Build.0 = Release|Any CPU
		{7CDDA5E3-8AA6-4D6C-A8A7-E1D84B6899B7}.Debug|Any CPU.ActiveCfg = Debug|Any CPU
		{7CDDA5E3-8AA6-4D6C-A8A7-E1D84B6899B7}.Debug|Any CPU.Build.0 = Debug|Any CPU
		{7CDDA5E3-8AA6-4D6C-A8A7-E1D84B6899B7}.Release|Any CPU.ActiveCfg = Release|Any CPU
		{7CDDA5E3-8AA6-4D6C-A8A7-E1D84B6899B7}.Release|Any CPU.Build.0 = Release|Any CPU
		{140299F6-78C3-4E1B-AF52-84E0268AB268}.Debug|Any CPU.ActiveCfg = Debug|Any CPU
		{140299F6-78C3-4E1B-AF52-84E0268AB268}.Debug|Any CPU.Build.0 = Debug|Any CPU
		{140299F6-78C3-4E1B-AF52-84E0268AB268}.Release|Any CPU.ActiveCfg = Release|Any CPU
		{140299F6-78C3-4E1B-AF52-84E0268AB268}.Release|Any CPU.Build.0 = Release|Any CPU
	EndGlobalSection
	GlobalSection(SolutionProperties) = preSolution
		HideSolutionNode = FALSE
	EndGlobalSection
	GlobalSection(ExtensibilityGlobals) = postSolution
		SolutionGuid = {071C8071-C956-43DD-8311-D396A87A15C9}
	EndGlobalSection
EndGlobal
